<Solution>
  <Folder Name="/src/">
    <Project Path="src/DemaConsulting.AgentKit.Core/DemaConsulting.AgentKit.Core.csproj" />
    <Project Path="src/DemaConsulting.AgentKit.Tools/DemaConsulting.AgentKit.Tools.csproj" />
    <Project Path="src/DemaConsulting.AgentKit.Agents.ChatClient/DemaConsulting.AgentKit.Agents.ChatClient.csproj" />
    <Project Path="src/DemaConsulting.AgentKit.Agents.Copilot/DemaConsulting.AgentKit.Agents.Copilot.csproj" />
    <Project Path="src/DemaConsulting.AgentKit.Agents.Ollama/DemaConsulting.AgentKit.Agents.Ollama.csproj" />
  </Folder>
  <Folder Name="/samples/">
    <Project Path="samples/document-assistant/DemaConsulting.AgentKit.Samples.DocumentAssistant.csproj" />
    <Project Path="samples/custom-tools/DemaConsulting.AgentKit.Samples.CustomTools.csproj" />
    <Project Path="samples/research-assistant/DemaConsulting.AgentKit.Samples.ResearchAssistant.csproj" />
  </Folder>
  <Folder Name="/test/">
    <Project Path="test/DemaConsulting.AgentKit.Core.Tests/DemaConsulting.AgentKit.Core.Tests.csproj" />
    <Project Path="test/DemaConsulting.AgentKit.Tools.Tests/DemaConsulting.AgentKit.Tools.Tests.csproj" />
    <Project Path="test/DemaConsulting.AgentKit.Agents.ChatClient.Tests/DemaConsulting.AgentKit.Agents.ChatClient.Tests.csproj" />
    <Project Path="test/DemaConsulting.AgentKit.Agents.Copilot.Tests/DemaConsulting.AgentKit.Agents.Copilot.Tests.csproj" />
    <Project Path="test/DemaConsulting.AgentKit.Agents.Ollama.Tests/DemaConsulting.AgentKit.Agents.Ollama.Tests.csproj" />
    <Project Path="test/DemaConsulting.AgentKit.Samples.DocumentAssistant.Tests/DemaConsulting.AgentKit.Samples.DocumentAssistant.Tests.csproj" />
    <Project Path="test/DemaConsulting.AgentKit.Samples.CustomTools.Tests/DemaConsulting.AgentKit.Samples.CustomTools.Tests.csproj" />
    <Project Path="test/DemaConsulting.AgentKit.Samples.ResearchAssistant.Tests/DemaConsulting.AgentKit.Samples.ResearchAssistant.Tests.csproj" />
  </Folder>
</Solution>
